// !$*UTF8*$!
{
	archiveVersion = 1;
	classes = {
	};
	objectVersion = 48;
	objects = {

/* Begin PBXBuildFile section */
		BF19A6DB207058060046EFC5 /* background@2x.png in Resources */ = {isa = PBXBuildFile; fileRef = BF19A6D9207058060046EFC5 /* background@2x.png */; };
		BF19A6DC207058060046EFC5 /* background.png in Resources */ = {isa = PBXBuildFile; fileRef = BF19A6DA207058060046EFC5 /* background.png */; };
		BF24CA092067623A007AB6F2 /* Value.swift in Sources */ = {isa = PBXBuildFile; fileRef = BF24CA082067623A007AB6F2 /* Value.swift */; };
		BF24CA0B2069B6E5007AB6F2 /* Node.swift in Sources */ = {isa = PBXBuildFile; fileRef = BF24CA0A2069B6E5007AB6F2 /* Node.swift */; };
		BF24CA122069C6D2007AB6F2 /* DisplayNodeCanvas.swift in Sources */ = {isa = PBXBuildFile; fileRef = BF24CA112069C6D2007AB6F2 /* DisplayNodeCanvas.swift */; };
		BF24CA1C206C398F007AB6F2 /* BaseNode.swift in Sources */ = {isa = PBXBuildFile; fileRef = BF24CA1B206C398F007AB6F2 /* BaseNode.swift */; };
		BF24CA1E206C39A4007AB6F2 /* ConstNodes.swift in Sources */ = {isa = PBXBuildFile; fileRef = BF24CA1D206C39A4007AB6F2 /* ConstNodes.swift */; };
		BF24CA20206C39B5007AB6F2 /* VariableNodes.swift in Sources */ = {isa = PBXBuildFile; fileRef = BF24CA1F206C39B5007AB6F2 /* VariableNodes.swift */; };
		BF24CA22206C39CA007AB6F2 /* ControlFlowNodes.swift in Sources */ = {isa = PBXBuildFile; fileRef = BF24CA21206C39CA007AB6F2 /* ControlFlowNodes.swift */; };
		BF24CA24206C39DA007AB6F2 /* MathNodes.swift in Sources */ = {isa = PBXBuildFile; fileRef = BF24CA23206C39D9007AB6F2 /* MathNodes.swift */; };
		BF24CA28206C3A13007AB6F2 /* MiscNodes.swift in Sources */ = {isa = PBXBuildFile; fileRef = BF24CA27206C3A13007AB6F2 /* MiscNodes.swift */; };
		BF24CA2B206C3AAA007AB6F2 /* GenericInputView.swift in Sources */ = {isa = PBXBuildFile; fileRef = BF24CA2A206C3AAA007AB6F2 /* GenericInputView.swift */; };
		BF24CA2F206C4DF8007AB6F2 /* NodeContentEditorView.swift in Sources */ = {isa = PBXBuildFile; fileRef = BF24CA2E206C4DF8007AB6F2 /* NodeContentEditorView.swift */; };
		BF24CA31206C5966007AB6F2 /* NodeTrigger.swift in Sources */ = {isa = PBXBuildFile; fileRef = BF24CA30206C5966007AB6F2 /* NodeTrigger.swift */; };
		BF24CA33206C596F007AB6F2 /* NodeValue.swift in Sources */ = {isa = PBXBuildFile; fileRef = BF24CA32206C596F007AB6F2 /* NodeValue.swift */; };
		BF24CA37206CEC19007AB6F2 /* CodeOutputView.swift in Sources */ = {isa = PBXBuildFile; fileRef = BF24CA36206CEC19007AB6F2 /* CodeOutputView.swift */; };
		BF313B712066FFF7006EEA83 /* Chars74k.mlmodel in Sources */ = {isa = PBXBuildFile; fileRef = BF313B702066FFF7006EEA83 /* Chars74k.mlmodel */; };
		BF56DEB2205862B2007E2483 /* AppDelegate.swift in Sources */ = {isa = PBXBuildFile; fileRef = BF56DEB1205862B2007E2483 /* AppDelegate.swift */; };
		BF56DEBC205862B2007E2483 /* LaunchScreen.storyboard in Resources */ = {isa = PBXBuildFile; fileRef = BF56DEBA205862B2007E2483 /* LaunchScreen.storyboard */; };
		BF56DECC20586313007E2483 /* Utils.swift in Sources */ = {isa = PBXBuildFile; fileRef = BF56DECA20586313007E2483 /* Utils.swift */; };
		BF56DED22058631A007E2483 /* DisplayNode.swift in Sources */ = {isa = PBXBuildFile; fileRef = BF56DECF2058631A007E2483 /* DisplayNode.swift */; };
		BF56DED32058631A007E2483 /* CanvasViewController.swift in Sources */ = {isa = PBXBuildFile; fileRef = BF56DED02058631A007E2483 /* CanvasViewController.swift */; };
		BF56DED520586439007E2483 /* DisplayNodeSocket.swift in Sources */ = {isa = PBXBuildFile; fileRef = BF56DED420586439007E2483 /* DisplayNodeSocket.swift */; };
		BF56DED72058693E007E2483 /* DrawingCanvas.swift in Sources */ = {isa = PBXBuildFile; fileRef = BF56DED62058693E007E2483 /* DrawingCanvas.swift */; };
		BF62C25A206D9B7A002A148F /* MNIST.mlmodel in Sources */ = {isa = PBXBuildFile; fileRef = BF62C259206D9B7A002A148F /* MNIST.mlmodel */; };
		BF62C25C206DA520002A148F /* DrawCanvasNodeView.swift in Sources */ = {isa = PBXBuildFile; fileRef = BF62C25B206DA520002A148F /* DrawCanvasNodeView.swift */; };
		BF62C25E206E1188002A148F /* NodeVariable.swift in Sources */ = {isa = PBXBuildFile; fileRef = BF62C25D206E1188002A148F /* NodeVariable.swift */; };
		BF62C260206E165B002A148F /* ValueChooserView.swift in Sources */ = {isa = PBXBuildFile; fileRef = BF62C25F206E165B002A148F /* ValueChooserView.swift */; };
		BF62C264206E2EF6002A148F /* ArrayNodes.swift in Sources */ = {isa = PBXBuildFile; fileRef = BF62C263206E2EF6002A148F /* ArrayNodes.swift */; };
		BF62C266206E2EFE002A148F /* DictionaryNodes.swift in Sources */ = {isa = PBXBuildFile; fileRef = BF62C265206E2EFE002A148F /* DictionaryNodes.swift */; };
		BF7CBC9B20C3894E00FADE14 /* Icons.xcassets in Resources */ = {isa = PBXBuildFile; fileRef = BF7CBC9A20C3894E00FADE14 /* Icons.xcassets */; };
		BF822B72206D965A001192B1 /* DisplayNodeCanvasOverlay.swift in Sources */ = {isa = PBXBuildFile; fileRef = BF822B71206D965A001192B1 /* DisplayNodeCanvasOverlay.swift */; };
		BF86B739205EFDBE006AEEA7 /* OCRRequest.swift in Sources */ = {isa = PBXBuildFile; fileRef = BF86B738205EFDBE006AEEA7 /* OCRRequest.swift */; };
		BF86B73B205EFDF2006AEEA7 /* Alphanum_28x28.mlmodel in Sources */ = {isa = PBXBuildFile; fileRef = BF86B73A205EFDF2006AEEA7 /* Alphanum_28x28.mlmodel */; };
		BF86B73D205F0145006AEEA7 /* ImageUtils.swift in Sources */ = {isa = PBXBuildFile; fileRef = BF86B73C205F0144006AEEA7 /* ImageUtils.swift */; };
		BF899E2E2070B47B008EC5EA /* VPLEditor.h in Headers */ = {isa = PBXBuildFile; fileRef = BF899E2C2070B47B008EC5EA /* VPLEditor.h */; settings = {ATTRIBUTES = (Public, ); }; };
		BF899E312070B47B008EC5EA /* VPLEditor.framework in Frameworks */ = {isa = PBXBuildFile; fileRef = BF899E2A2070B47B008EC5EA /* VPLEditor.framework */; };
		BF899E322070B47B008EC5EA /* VPLEditor.framework in Embed Frameworks */ = {isa = PBXBuildFile; fileRef = BF899E2A2070B47B008EC5EA /* VPLEditor.framework */; settings = {ATTRIBUTES = (CodeSignOnCopy, RemoveHeadersOnCopy, ); }; };
		BF899E382070B4CA008EC5EA /* BaseNode.swift in Sources */ = {isa = PBXBuildFile; fileRef = BF24CA1B206C398F007AB6F2 /* BaseNode.swift */; };
		BF899E392070B4CA008EC5EA /* ConstNodes.swift in Sources */ = {isa = PBXBuildFile; fileRef = BF24CA1D206C39A4007AB6F2 /* ConstNodes.swift */; };
		BF899E3A2070B4CA008EC5EA /* VariableNodes.swift in Sources */ = {isa = PBXBuildFile; fileRef = BF24CA1F206C39B5007AB6F2 /* VariableNodes.swift */; };
		BF899E3B2070B4CA008EC5EA /* ControlFlowNodes.swift in Sources */ = {isa = PBXBuildFile; fileRef = BF24CA21206C39CA007AB6F2 /* ControlFlowNodes.swift */; };
		BF899E3C2070B4CA008EC5EA /* MathNodes.swift in Sources */ = {isa = PBXBuildFile; fileRef = BF24CA23206C39D9007AB6F2 /* MathNodes.swift */; };
		BF899E3D2070B4CA008EC5EA /* ArrayNodes.swift in Sources */ = {isa = PBXBuildFile; fileRef = BF62C263206E2EF6002A148F /* ArrayNodes.swift */; };
		BF899E3E2070B4CA008EC5EA /* DictionaryNodes.swift in Sources */ = {isa = PBXBuildFile; fileRef = BF62C265206E2EFE002A148F /* DictionaryNodes.swift */; };
		BF899E3F2070B4CA008EC5EA /* MiscNodes.swift in Sources */ = {isa = PBXBuildFile; fileRef = BF24CA27206C3A13007AB6F2 /* MiscNodes.swift */; };
		BF899E402070B4CE008EC5EA /* NodeContentEditorView.swift in Sources */ = {isa = PBXBuildFile; fileRef = BF24CA2E206C4DF8007AB6F2 /* NodeContentEditorView.swift */; };
		BF899E412070B4CE008EC5EA /* GenericInputView.swift in Sources */ = {isa = PBXBuildFile; fileRef = BF24CA2A206C3AAA007AB6F2 /* GenericInputView.swift */; };
		BF899E422070B4CE008EC5EA /* ValueChooserView.swift in Sources */ = {isa = PBXBuildFile; fileRef = BF62C25F206E165B002A148F /* ValueChooserView.swift */; };
		BF899E432070B4CE008EC5EA /* DrawCanvasNodeView.swift in Sources */ = {isa = PBXBuildFile; fileRef = BF62C25B206DA520002A148F /* DrawCanvasNodeView.swift */; };
		BF899E442070B4CE008EC5EA /* DisplayNodeCanvas.swift in Sources */ = {isa = PBXBuildFile; fileRef = BF24CA112069C6D2007AB6F2 /* DisplayNodeCanvas.swift */; };
		BF899E452070B4CE008EC5EA /* DisplayNodeCanvasOverlay.swift in Sources */ = {isa = PBXBuildFile; fileRef = BF822B71206D965A001192B1 /* DisplayNodeCanvasOverlay.swift */; };
		BF899E462070B4CE008EC5EA /* DisplayNode.swift in Sources */ = {isa = PBXBuildFile; fileRef = BF56DECF2058631A007E2483 /* DisplayNode.swift */; };
		BF899E472070B4CE008EC5EA /* DisplayNodeSocket.swift in Sources */ = {isa = PBXBuildFile; fileRef = BF56DED420586439007E2483 /* DisplayNodeSocket.swift */; };
		BF899E482070B4CE008EC5EA /* CanvasViewController.swift in Sources */ = {isa = PBXBuildFile; fileRef = BF56DED02058631A007E2483 /* CanvasViewController.swift */; };
		BF899E492070B4CE008EC5EA /* CodeOutputView.swift in Sources */ = {isa = PBXBuildFile; fileRef = BF24CA36206CEC19007AB6F2 /* CodeOutputView.swift */; };
		BF899E4A2070B4D1008EC5EA /* DrawingCanvas.swift in Sources */ = {isa = PBXBuildFile; fileRef = BF56DED62058693E007E2483 /* DrawingCanvas.swift */; };
		BF899E4B2070B4D1008EC5EA /* OCRRequest.swift in Sources */ = {isa = PBXBuildFile; fileRef = BF86B738205EFDBE006AEEA7 /* OCRRequest.swift */; };
		BF899E4C2070B4D1008EC5EA /* ImageUtils.swift in Sources */ = {isa = PBXBuildFile; fileRef = BF86B73C205F0144006AEEA7 /* ImageUtils.swift */; };
		BF899E4D2070B4D3008EC5EA /* MNIST.mlmodel in Sources */ = {isa = PBXBuildFile; fileRef = BF62C259206D9B7A002A148F /* MNIST.mlmodel */; };
		BF899E4E2070B4D3008EC5EA /* Alphanum_28x28.mlmodel in Sources */ = {isa = PBXBuildFile; fileRef = BF86B73A205EFDF2006AEEA7 /* Alphanum_28x28.mlmodel */; };
		BF899E4F2070B4D3008EC5EA /* Chars74k.mlmodel in Sources */ = {isa = PBXBuildFile; fileRef = BF313B702066FFF7006EEA83 /* Chars74k.mlmodel */; };
		BF899E502070B4D6008EC5EA /* background.png in Resources */ = {isa = PBXBuildFile; fileRef = BF19A6DA207058060046EFC5 /* background.png */; };
		BF899E512070B4D6008EC5EA /* background@2x.png in Resources */ = {isa = PBXBuildFile; fileRef = BF19A6D9207058060046EFC5 /* background@2x.png */; };
		BF899E522070B4D6008EC5EA /* Utils.swift in Sources */ = {isa = PBXBuildFile; fileRef = BF56DECA20586313007E2483 /* Utils.swift */; };
		BF899E532070B51A008EC5EA /* Value.swift in Sources */ = {isa = PBXBuildFile; fileRef = BF24CA082067623A007AB6F2 /* Value.swift */; };
		BF899E542070B51A008EC5EA /* NodeTrigger.swift in Sources */ = {isa = PBXBuildFile; fileRef = BF24CA30206C5966007AB6F2 /* NodeTrigger.swift */; };
		BF899E552070B51A008EC5EA /* NodeValue.swift in Sources */ = {isa = PBXBuildFile; fileRef = BF24CA32206C596F007AB6F2 /* NodeValue.swift */; };
		BF899E562070B51A008EC5EA /* NodeVariable.swift in Sources */ = {isa = PBXBuildFile; fileRef = BF62C25D206E1188002A148F /* NodeVariable.swift */; };
		BF899E572070B51A008EC5EA /* Node.swift in Sources */ = {isa = PBXBuildFile; fileRef = BF24CA0A2069B6E5007AB6F2 /* Node.swift */; };
		BFEDC4A420CC8A4400389266 /* Program.swift in Sources */ = {isa = PBXBuildFile; fileRef = BFEDC4A320CC8A4400389266 /* Program.swift */; };
		BFEDC4A520CC9BD600389266 /* Program.swift in Sources */ = {isa = PBXBuildFile; fileRef = BFEDC4A320CC8A4400389266 /* Program.swift */; };
		BFEDC4A920CC9DA700389266 /* DisplayableNode.swift in Sources */ = {isa = PBXBuildFile; fileRef = BFEDC4A820CC9DA700389266 /* DisplayableNode.swift */; };
		BFEDC4AA20CC9DBD00389266 /* DisplayableNode.swift in Sources */ = {isa = PBXBuildFile; fileRef = BFEDC4A820CC9DA700389266 /* DisplayableNode.swift */; };
/* End PBXBuildFile section */

/* Begin PBXContainerItemProxy section */
		BF899E2F2070B47B008EC5EA /* PBXContainerItemProxy */ = {
			isa = PBXContainerItemProxy;
			containerPortal = BF56DEA6205862B2007E2483 /* Project object */;
			proxyType = 1;
			remoteGlobalIDString = BF899E292070B47B008EC5EA;
			remoteInfo = VPLEditor;
		};
/* End PBXContainerItemProxy section */

/* Begin PBXCopyFilesBuildPhase section */
		BF899E362070B47B008EC5EA /* Embed Frameworks */ = {
			isa = PBXCopyFilesBuildPhase;
			buildActionMask = 2147483647;
			dstPath = "";
			dstSubfolderSpec = 10;
			files = (
				BF899E322070B47B008EC5EA /* VPLEditor.framework in Embed Frameworks */,
			);
			name = "Embed Frameworks";
			runOnlyForDeploymentPostprocessing = 0;
		};
/* End PBXCopyFilesBuildPhase section */

/* Begin PBXFileReference section */
		BF19A6D9207058060046EFC5 /* background@2x.png */ = {isa = PBXFileReference; lastKnownFileType = image.png; name = "background@2x.png"; path = "VPL/Images/background@2x.png"; sourceTree = SOURCE_ROOT; };
		BF19A6DA207058060046EFC5 /* background.png */ = {isa = PBXFileReference; lastKnownFileType = image.png; name = background.png; path = VPL/Images/background.png; sourceTree = SOURCE_ROOT; };
		BF24CA082067623A007AB6F2 /* Value.swift */ = {isa = PBXFileReference; lastKnownFileType = sourcecode.swift; path = Value.swift; sourceTree = "<group>"; };
		BF24CA0A2069B6E5007AB6F2 /* Node.swift */ = {isa = PBXFileReference; lastKnownFileType = sourcecode.swift; path = Node.swift; sourceTree = "<group>"; };
		BF24CA112069C6D2007AB6F2 /* DisplayNodeCanvas.swift */ = {isa = PBXFileReference; lastKnownFileType = sourcecode.swift; path = DisplayNodeCanvas.swift; sourceTree = "<group>"; };
		BF24CA1B206C398F007AB6F2 /* BaseNode.swift */ = {isa = PBXFileReference; lastKnownFileType = sourcecode.swift; path = BaseNode.swift; sourceTree = "<group>"; };
		BF24CA1D206C39A4007AB6F2 /* ConstNodes.swift */ = {isa = PBXFileReference; lastKnownFileType = sourcecode.swift; path = ConstNodes.swift; sourceTree = "<group>"; };
		BF24CA1F206C39B5007AB6F2 /* VariableNodes.swift */ = {isa = PBXFileReference; lastKnownFileType = sourcecode.swift; path = VariableNodes.swift; sourceTree = "<group>"; };
		BF24CA21206C39CA007AB6F2 /* ControlFlowNodes.swift */ = {isa = PBXFileReference; lastKnownFileType = sourcecode.swift; path = ControlFlowNodes.swift; sourceTree = "<group>"; };
		BF24CA23206C39D9007AB6F2 /* MathNodes.swift */ = {isa = PBXFileReference; lastKnownFileType = sourcecode.swift; path = MathNodes.swift; sourceTree = "<group>"; };
		BF24CA27206C3A13007AB6F2 /* MiscNodes.swift */ = {isa = PBXFileReference; lastKnownFileType = sourcecode.swift; path = MiscNodes.swift; sourceTree = "<group>"; };
		BF24CA2A206C3AAA007AB6F2 /* GenericInputView.swift */ = {isa = PBXFileReference; lastKnownFileType = sourcecode.swift; path = GenericInputView.swift; sourceTree = "<group>"; };
		BF24CA2E206C4DF8007AB6F2 /* NodeContentEditorView.swift */ = {isa = PBXFileReference; lastKnownFileType = sourcecode.swift; path = NodeContentEditorView.swift; sourceTree = "<group>"; };
		BF24CA30206C5966007AB6F2 /* NodeTrigger.swift */ = {isa = PBXFileReference; lastKnownFileType = sourcecode.swift; path = NodeTrigger.swift; sourceTree = "<group>"; };
		BF24CA32206C596F007AB6F2 /* NodeValue.swift */ = {isa = PBXFileReference; lastKnownFileType = sourcecode.swift; path = NodeValue.swift; sourceTree = "<group>"; };
		BF24CA36206CEC19007AB6F2 /* CodeOutputView.swift */ = {isa = PBXFileReference; lastKnownFileType = sourcecode.swift; path = CodeOutputView.swift; sourceTree = "<group>"; };
		BF313B702066FFF7006EEA83 /* Chars74k.mlmodel */ = {isa = PBXFileReference; lastKnownFileType = file.mlmodel; path = Chars74k.mlmodel; sourceTree = "<group>"; };
		BF56DEAE205862B2007E2483 /* VPL.app */ = {isa = PBXFileReference; explicitFileType = wrapper.application; includeInIndex = 0; path = VPL.app; sourceTree = BUILT_PRODUCTS_DIR; };
		BF56DEB1205862B2007E2483 /* AppDelegate.swift */ = {isa = PBXFileReference; lastKnownFileType = sourcecode.swift; path = AppDelegate.swift; sourceTree = "<group>"; };
		BF56DEBB205862B2007E2483 /* Base */ = {isa = PBXFileReference; lastKnownFileType = file.storyboard; name = Base; path = Base.lproj/LaunchScreen.storyboard; sourceTree = "<group>"; };
		BF56DEBD205862B3007E2483 /* Info.plist */ = {isa = PBXFileReference; lastKnownFileType = text.plist.xml; path = Info.plist; sourceTree = "<group>"; };
		BF56DECA20586313007E2483 /* Utils.swift */ = {isa = PBXFileReference; fileEncoding = 4; lastKnownFileType = sourcecode.swift; path = Utils.swift; sourceTree = "<group>"; };
		BF56DECF2058631A007E2483 /* DisplayNode.swift */ = {isa = PBXFileReference; fileEncoding = 4; lastKnownFileType = sourcecode.swift; path = DisplayNode.swift; sourceTree = "<group>"; };
		BF56DED02058631A007E2483 /* CanvasViewController.swift */ = {isa = PBXFileReference; fileEncoding = 4; lastKnownFileType = sourcecode.swift; path = CanvasViewController.swift; sourceTree = "<group>"; };
		BF56DED420586439007E2483 /* DisplayNodeSocket.swift */ = {isa = PBXFileReference; lastKnownFileType = sourcecode.swift; path = DisplayNodeSocket.swift; sourceTree = "<group>"; };
		BF56DED62058693E007E2483 /* DrawingCanvas.swift */ = {isa = PBXFileReference; lastKnownFileType = sourcecode.swift; path = DrawingCanvas.swift; sourceTree = "<group>"; };
		BF62C259206D9B7A002A148F /* MNIST.mlmodel */ = {isa = PBXFileReference; lastKnownFileType = file.mlmodel; path = MNIST.mlmodel; sourceTree = "<group>"; };
		BF62C25B206DA520002A148F /* DrawCanvasNodeView.swift */ = {isa = PBXFileReference; lastKnownFileType = sourcecode.swift; path = DrawCanvasNodeView.swift; sourceTree = "<group>"; };
		BF62C25D206E1188002A148F /* NodeVariable.swift */ = {isa = PBXFileReference; lastKnownFileType = sourcecode.swift; path = NodeVariable.swift; sourceTree = "<group>"; };
		BF62C25F206E165B002A148F /* ValueChooserView.swift */ = {isa = PBXFileReference; fileEncoding = 4; lastKnownFileType = sourcecode.swift; path = ValueChooserView.swift; sourceTree = "<group>"; };
		BF62C263206E2EF6002A148F /* ArrayNodes.swift */ = {isa = PBXFileReference; lastKnownFileType = sourcecode.swift; path = ArrayNodes.swift; sourceTree = "<group>"; };
		BF62C265206E2EFE002A148F /* DictionaryNodes.swift */ = {isa = PBXFileReference; lastKnownFileType = sourcecode.swift; path = DictionaryNodes.swift; sourceTree = "<group>"; };
		BF7CBC9A20C3894E00FADE14 /* Icons.xcassets */ = {isa = PBXFileReference; lastKnownFileType = folder.assetcatalog; path = Icons.xcassets; sourceTree = "<group>"; };
		BF822B71206D965A001192B1 /* DisplayNodeCanvasOverlay.swift */ = {isa = PBXFileReference; lastKnownFileType = sourcecode.swift; path = DisplayNodeCanvasOverlay.swift; sourceTree = "<group>"; };
		BF86B738205EFDBE006AEEA7 /* OCRRequest.swift */ = {isa = PBXFileReference; lastKnownFileType = sourcecode.swift; path = OCRRequest.swift; sourceTree = "<group>"; };
		BF86B73A205EFDF2006AEEA7 /* Alphanum_28x28.mlmodel */ = {isa = PBXFileReference; lastKnownFileType = file.mlmodel; path = Alphanum_28x28.mlmodel; sourceTree = "<group>"; };
		BF86B73C205F0144006AEEA7 /* ImageUtils.swift */ = {isa = PBXFileReference; fileEncoding = 4; lastKnownFileType = sourcecode.swift; path = ImageUtils.swift; sourceTree = "<group>"; };
		BF899E2A2070B47B008EC5EA /* VPLEditor.framework */ = {isa = PBXFileReference; explicitFileType = wrapper.framework; includeInIndex = 0; path = VPLEditor.framework; sourceTree = BUILT_PRODUCTS_DIR; };
		BF899E2C2070B47B008EC5EA /* VPLEditor.h */ = {isa = PBXFileReference; lastKnownFileType = sourcecode.c.h; path = VPLEditor.h; sourceTree = "<group>"; };
		BF899E2D2070B47B008EC5EA /* Info.plist */ = {isa = PBXFileReference; lastKnownFileType = text.plist.xml; path = Info.plist; sourceTree = "<group>"; };
		BFEDC49E20CC494800389266 /* Type System Test 1.playground */ = {isa = PBXFileReference; lastKnownFileType = file.playground; path = "Type System Test 1.playground"; sourceTree = "<group>"; xcLanguageSpecificationIdentifier = xcode.lang.swift; };
		BFEDC4A320CC8A4400389266 /* Program.swift */ = {isa = PBXFileReference; lastKnownFileType = sourcecode.swift; path = Program.swift; sourceTree = "<group>"; };
		BFEDC4A820CC9DA700389266 /* DisplayableNode.swift */ = {isa = PBXFileReference; lastKnownFileType = sourcecode.swift; path = DisplayableNode.swift; sourceTree = "<group>"; };
/* End PBXFileReference section */

/* Begin PBXFrameworksBuildPhase section */
		BF56DEAB205862B2007E2483 /* Frameworks */ = {
			isa = PBXFrameworksBuildPhase;
			buildActionMask = 2147483647;
			files = (
				BF899E312070B47B008EC5EA /* VPLEditor.framework in Frameworks */,
			);
			runOnlyForDeploymentPostprocessing = 0;
		};
		BF899E262070B47B008EC5EA /* Frameworks */ = {
			isa = PBXFrameworksBuildPhase;
			buildActionMask = 2147483647;
			files = (
			);
			runOnlyForDeploymentPostprocessing = 0;
		};
/* End PBXFrameworksBuildPhase section */

/* Begin PBXGroup section */
		BF19A6D820704AAE0046EFC5 /* Models */ = {
			isa = PBXGroup;
			children = (
				BF62C259206D9B7A002A148F /* MNIST.mlmodel */,
				BF86B73A205EFDF2006AEEA7 /* Alphanum_28x28.mlmodel */,
				BF313B702066FFF7006EEA83 /* Chars74k.mlmodel */,
			);
			path = Models;
			sourceTree = "<group>";
		};
		BF19A6DD207058100046EFC5 /* Images */ = {
			isa = PBXGroup;
			children = (
				BF19A6DA207058060046EFC5 /* background.png */,
				BF19A6D9207058060046EFC5 /* background@2x.png */,
				BF7CBC9A20C3894E00FADE14 /* Icons.xcassets */,
			);
			path = Images;
			sourceTree = "<group>";
		};
		BF24CA072067620C007AB6F2 /* Core */ = {
			isa = PBXGroup;
			children = (
				BF24CA0E2069BBA5007AB6F2 /* Node */,
				BF24CA082067623A007AB6F2 /* Value.swift */,
				BF24CA30206C5966007AB6F2 /* NodeTrigger.swift */,
				BF24CA32206C596F007AB6F2 /* NodeValue.swift */,
				BF62C25D206E1188002A148F /* NodeVariable.swift */,
				BFEDC4A320CC8A4400389266 /* Program.swift */,
			);
			path = Core;
			sourceTree = "<group>";
		};
		BF24CA0E2069BBA5007AB6F2 /* Node */ = {
			isa = PBXGroup;
			children = (
				BF24CA18206C395F007AB6F2 /* Implementations */,
				BF24CA0A2069B6E5007AB6F2 /* Node.swift */,
			);
			path = Node;
			sourceTree = "<group>";
		};
		BF24CA13206A1C58007AB6F2 /* OCR */ = {
			isa = PBXGroup;
			children = (
				BF56DED62058693E007E2483 /* DrawingCanvas.swift */,
				BF86B738205EFDBE006AEEA7 /* OCRRequest.swift */,
				BF86B73C205F0144006AEEA7 /* ImageUtils.swift */,
			);
			path = OCR;
			sourceTree = "<group>";
		};
		BF24CA18206C395F007AB6F2 /* Implementations */ = {
			isa = PBXGroup;
			children = (
				BF24CA1B206C398F007AB6F2 /* BaseNode.swift */,
				BF24CA1D206C39A4007AB6F2 /* ConstNodes.swift */,
				BF24CA1F206C39B5007AB6F2 /* VariableNodes.swift */,
				BF24CA21206C39CA007AB6F2 /* ControlFlowNodes.swift */,
				BF24CA23206C39D9007AB6F2 /* MathNodes.swift */,
				BF62C263206E2EF6002A148F /* ArrayNodes.swift */,
				BF62C265206E2EFE002A148F /* DictionaryNodes.swift */,
				BF24CA27206C3A13007AB6F2 /* MiscNodes.swift */,
			);
			path = Implementations;
			sourceTree = "<group>";
		};
		BF24CA29206C3A7F007AB6F2 /* Content Views */ = {
			isa = PBXGroup;
			children = (
				BFEDC4A820CC9DA700389266 /* DisplayableNode.swift */,
				BF24CA2E206C4DF8007AB6F2 /* NodeContentEditorView.swift */,
				BF24CA2A206C3AAA007AB6F2 /* GenericInputView.swift */,
				BF62C25F206E165B002A148F /* ValueChooserView.swift */,
				BF62C25B206DA520002A148F /* DrawCanvasNodeView.swift */,
			);
			path = "Content Views";
			sourceTree = "<group>";
		};
		BF56DEA5205862B2007E2483 = {
			isa = PBXGroup;
			children = (
				BFEDC49E20CC494800389266 /* Type System Test 1.playground */,
				BF56DEB0205862B2007E2483 /* VPL */,
				BF899E2B2070B47B008EC5EA /* VPLEditor */,
				BF56DEAF205862B2007E2483 /* Products */,
			);
			sourceTree = "<group>";
		};
		BF56DEAF205862B2007E2483 /* Products */ = {
			isa = PBXGroup;
			children = (
				BF56DEAE205862B2007E2483 /* VPL.app */,
				BF899E2A2070B47B008EC5EA /* VPLEditor.framework */,
			);
			name = Products;
			sourceTree = "<group>";
		};
		BF56DEB0205862B2007E2483 /* VPL */ = {
			isa = PBXGroup;
			children = (
				BF24CA072067620C007AB6F2 /* Core */,
				BF56DECD2058631A007E2483 /* Rendering */,
				BF24CA13206A1C58007AB6F2 /* OCR */,
				BF19A6D820704AAE0046EFC5 /* Models */,
				BF19A6DD207058100046EFC5 /* Images */,
				BF56DECA20586313007E2483 /* Utils.swift */,
				BF56DEB1205862B2007E2483 /* AppDelegate.swift */,
				BF56DEBA205862B2007E2483 /* LaunchScreen.storyboard */,
				BF56DEBD205862B3007E2483 /* Info.plist */,
			);
			path = VPL;
			sourceTree = "<group>";
		};
		BF56DECD2058631A007E2483 /* Rendering */ = {
			isa = PBXGroup;
			children = (
				BF24CA29206C3A7F007AB6F2 /* Content Views */,
				BF56DED02058631A007E2483 /* CanvasViewController.swift */,
				BF24CA112069C6D2007AB6F2 /* DisplayNodeCanvas.swift */,
				BF822B71206D965A001192B1 /* DisplayNodeCanvasOverlay.swift */,
				BF56DECF2058631A007E2483 /* DisplayNode.swift */,
				BF56DED420586439007E2483 /* DisplayNodeSocket.swift */,
				BF24CA36206CEC19007AB6F2 /* CodeOutputView.swift */,
			);
			path = Rendering;
			sourceTree = "<group>";
		};
		BF899E2B2070B47B008EC5EA /* VPLEditor */ = {
			isa = PBXGroup;
			children = (
				BF899E2C2070B47B008EC5EA /* VPLEditor.h */,
				BF899E2D2070B47B008EC5EA /* Info.plist */,
			);
			path = VPLEditor;
			sourceTree = "<group>";
		};
/* End PBXGroup section */

/* Begin PBXHeadersBuildPhase section */
		BF899E272070B47B008EC5EA /* Headers */ = {
			isa = PBXHeadersBuildPhase;
			buildActionMask = 2147483647;
			files = (
				BF899E2E2070B47B008EC5EA /* VPLEditor.h in Headers */,
			);
			runOnlyForDeploymentPostprocessing = 0;
		};
/* End PBXHeadersBuildPhase section */

/* Begin PBXNativeTarget section */
		BF56DEAD205862B2007E2483 /* VPL */ = {
			isa = PBXNativeTarget;
			buildConfigurationList = BF56DEC0205862B3007E2483 /* Build configuration list for PBXNativeTarget "VPL" */;
			buildPhases = (
				BF56DEAA205862B2007E2483 /* Sources */,
				BF56DEAB205862B2007E2483 /* Frameworks */,
				BF56DEAC205862B2007E2483 /* Resources */,
				BF899E362070B47B008EC5EA /* Embed Frameworks */,
			);
			buildRules = (
			);
			dependencies = (
				BF899E302070B47B008EC5EA /* PBXTargetDependency */,
			);
			name = VPL;
			productName = VPL;
			productReference = BF56DEAE205862B2007E2483 /* VPL.app */;
			productType = "com.apple.product-type.application";
		};
		BF899E292070B47B008EC5EA /* VPLEditor */ = {
			isa = PBXNativeTarget;
			buildConfigurationList = BF899E332070B47B008EC5EA /* Build configuration list for PBXNativeTarget "VPLEditor" */;
			buildPhases = (
				BF899E252070B47B008EC5EA /* Sources */,
				BF899E262070B47B008EC5EA /* Frameworks */,
				BF899E272070B47B008EC5EA /* Headers */,
				BF899E282070B47B008EC5EA /* Resources */,
			);
			buildRules = (
			);
			dependencies = (
			);
			name = VPLEditor;
			productName = VPLEditor;
			productReference = BF899E2A2070B47B008EC5EA /* VPLEditor.framework */;
			productType = "com.apple.product-type.framework";
		};
/* End PBXNativeTarget section */

/* Begin PBXProject section */
		BF56DEA6205862B2007E2483 /* Project object */ = {
			isa = PBXProject;
			attributes = {
				LastSwiftUpdateCheck = 0920;
				LastUpgradeCheck = 0930;
				ORGANIZATIONNAME = "Nathan Flurry";
				TargetAttributes = {
					BF56DEAD205862B2007E2483 = {
						CreatedOnToolsVersion = 9.2;
						LastSwiftMigration = 1000;
						ProvisioningStyle = Automatic;
					};
					BF899E292070B47B008EC5EA = {
						CreatedOnToolsVersion = 9.3;
						LastSwiftMigration = 1000;
						ProvisioningStyle = Automatic;
					};
				};
			};
			buildConfigurationList = BF56DEA9205862B2007E2483 /* Build configuration list for PBXProject "VPL" */;
			compatibilityVersion = "Xcode 8.0";
			developmentRegion = en;
			hasScannedForEncodings = 0;
			knownRegions = (
				en,
				Base,
			);
			mainGroup = BF56DEA5205862B2007E2483;
			productRefGroup = BF56DEAF205862B2007E2483 /* Products */;
			projectDirPath = "";
			projectRoot = "";
			targets = (
				BF56DEAD205862B2007E2483 /* VPL */,
				BF899E292070B47B008EC5EA /* VPLEditor */,
			);
		};
/* End PBXProject section */

/* Begin PBXResourcesBuildPhase section */
		BF56DEAC205862B2007E2483 /* Resources */ = {
			isa = PBXResourcesBuildPhase;
			buildActionMask = 2147483647;
			files = (
				BF56DEBC205862B2007E2483 /* LaunchScreen.storyboard in Resources */,
				BF19A6DC207058060046EFC5 /* background.png in Resources */,
				BF7CBC9B20C3894E00FADE14 /* Icons.xcassets in Resources */,
				BF19A6DB207058060046EFC5 /* background@2x.png in Resources */,
			);
			runOnlyForDeploymentPostprocessing = 0;
		};
		BF899E282070B47B008EC5EA /* Resources */ = {
			isa = PBXResourcesBuildPhase;
			buildActionMask = 2147483647;
			files = (
				BF899E512070B4D6008EC5EA /* background@2x.png in Resources */,
				BF899E502070B4D6008EC5EA /* background.png in Resources */,
			);
			runOnlyForDeploymentPostprocessing = 0;
		};
/* End PBXResourcesBuildPhase section */

/* Begin PBXSourcesBuildPhase section */
		BF56DEAA205862B2007E2483 /* Sources */ = {
			isa = PBXSourcesBuildPhase;
			buildActionMask = 2147483647;
			files = (
				BF24CA2F206C4DF8007AB6F2 /* NodeContentEditorView.swift in Sources */,
				BF62C25A206D9B7A002A148F /* MNIST.mlmodel in Sources */,
				BF56DEB2205862B2007E2483 /* AppDelegate.swift in Sources */,
				BF24CA24206C39DA007AB6F2 /* MathNodes.swift in Sources */,
				BF56DED32058631A007E2483 /* CanvasViewController.swift in Sources */,
				BF62C25E206E1188002A148F /* NodeVariable.swift in Sources */,
				BF86B73D205F0145006AEEA7 /* ImageUtils.swift in Sources */,
				BF24CA33206C596F007AB6F2 /* NodeValue.swift in Sources */,
				BF24CA20206C39B5007AB6F2 /* VariableNodes.swift in Sources */,
				BF822B72206D965A001192B1 /* DisplayNodeCanvasOverlay.swift in Sources */,
				BF24CA31206C5966007AB6F2 /* NodeTrigger.swift in Sources */,
				BF62C264206E2EF6002A148F /* ArrayNodes.swift in Sources */,
				BF86B73B205EFDF2006AEEA7 /* Alphanum_28x28.mlmodel in Sources */,
				BF24CA0B2069B6E5007AB6F2 /* Node.swift in Sources */,
				BFEDC4A920CC9DA700389266 /* DisplayableNode.swift in Sources */,
				BF24CA122069C6D2007AB6F2 /* DisplayNodeCanvas.swift in Sources */,
				BF24CA28206C3A13007AB6F2 /* MiscNodes.swift in Sources */,
				BF62C260206E165B002A148F /* ValueChooserView.swift in Sources */,
				BFEDC4A420CC8A4400389266 /* Program.swift in Sources */,
				BF56DED72058693E007E2483 /* DrawingCanvas.swift in Sources */,
				BF313B712066FFF7006EEA83 /* Chars74k.mlmodel in Sources */,
				BF24CA1C206C398F007AB6F2 /* BaseNode.swift in Sources */,
				BF62C25C206DA520002A148F /* DrawCanvasNodeView.swift in Sources */,
				BF56DED22058631A007E2483 /* DisplayNode.swift in Sources */,
				BF24CA37206CEC19007AB6F2 /* CodeOutputView.swift in Sources */,
				BF24CA22206C39CA007AB6F2 /* ControlFlowNodes.swift in Sources */,
				BF24CA1E206C39A4007AB6F2 /* ConstNodes.swift in Sources */,
				BF24CA2B206C3AAA007AB6F2 /* GenericInputView.swift in Sources */,
				BF56DECC20586313007E2483 /* Utils.swift in Sources */,
				BF24CA092067623A007AB6F2 /* Value.swift in Sources */,
				BF86B739205EFDBE006AEEA7 /* OCRRequest.swift in Sources */,
				BF56DED520586439007E2483 /* DisplayNodeSocket.swift in Sources */,
				BF62C266206E2EFE002A148F /* DictionaryNodes.swift in Sources */,
			);
			runOnlyForDeploymentPostprocessing = 0;
		};
		BF899E252070B47B008EC5EA /* Sources */ = {
			isa = PBXSourcesBuildPhase;
			buildActionMask = 2147483647;
			files = (
				BFEDC4A520CC9BD600389266 /* Program.swift in Sources */,
				BF899E422070B4CE008EC5EA /* ValueChooserView.swift in Sources */,
				BF899E4B2070B4D1008EC5EA /* OCRRequest.swift in Sources */,
				BF899E542070B51A008EC5EA /* NodeTrigger.swift in Sources */,
				BFEDC4AA20CC9DBD00389266 /* DisplayableNode.swift in Sources */,
				BF899E3F2070B4CA008EC5EA /* MiscNodes.swift in Sources */,
				BF899E532070B51A008EC5EA /* Value.swift in Sources */,
				BF899E552070B51A008EC5EA /* NodeValue.swift in Sources */,
				BF899E4A2070B4D1008EC5EA /* DrawingCanvas.swift in Sources */,
				BF899E3B2070B4CA008EC5EA /* ControlFlowNodes.swift in Sources */,
				BF899E522070B4D6008EC5EA /* Utils.swift in Sources */,
				BF899E382070B4CA008EC5EA /* BaseNode.swift in Sources */,
				BF899E482070B4CE008EC5EA /* CanvasViewController.swift in Sources */,
				BF899E442070B4CE008EC5EA /* DisplayNodeCanvas.swift in Sources */,
				BF899E452070B4CE008EC5EA /* DisplayNodeCanvasOverlay.swift in Sources */,
				BF899E3D2070B4CA008EC5EA /* ArrayNodes.swift in Sources */,
				BF899E4D2070B4D3008EC5EA /* MNIST.mlmodel in Sources */,
				BF899E3A2070B4CA008EC5EA /* VariableNodes.swift in Sources */,
				BF899E462070B4CE008EC5EA /* DisplayNode.swift in Sources */,
				BF899E472070B4CE008EC5EA /* DisplayNodeSocket.swift in Sources */,
				BF899E4E2070B4D3008EC5EA /* Alphanum_28x28.mlmodel in Sources */,
				BF899E392070B4CA008EC5EA /* ConstNodes.swift in Sources */,
				BF899E492070B4CE008EC5EA /* CodeOutputView.swift in Sources */,
				BF899E402070B4CE008EC5EA /* NodeContentEditorView.swift in Sources */,
				BF899E3C2070B4CA008EC5EA /* MathNodes.swift in Sources */,
				BF899E572070B51A008EC5EA /* Node.swift in Sources */,
				BF899E4F2070B4D3008EC5EA /* Chars74k.mlmodel in Sources */,
				BF899E562070B51A008EC5EA /* NodeVariable.swift in Sources */,
				BF899E3E2070B4CA008EC5EA /* DictionaryNodes.swift in Sources */,
				BF899E412070B4CE008EC5EA /* GenericInputView.swift in Sources */,
				BF899E432070B4CE008EC5EA /* DrawCanvasNodeView.swift in Sources */,
				BF899E4C2070B4D1008EC5EA /* ImageUtils.swift in Sources */,
			);
			runOnlyForDeploymentPostprocessing = 0;
		};
/* End PBXSourcesBuildPhase section */

/* Begin PBXTargetDependency section */
		BF899E302070B47B008EC5EA /* PBXTargetDependency */ = {
			isa = PBXTargetDependency;
			target = BF899E292070B47B008EC5EA /* VPLEditor */;
			targetProxy = BF899E2F2070B47B008EC5EA /* PBXContainerItemProxy */;
		};
/* End PBXTargetDependency section */

/* Begin PBXVariantGroup section */
		BF56DEBA205862B2007E2483 /* LaunchScreen.storyboard */ = {
			isa = PBXVariantGroup;
			children = (
				BF56DEBB205862B2007E2483 /* Base */,
			);
			name = LaunchScreen.storyboard;
			sourceTree = "<group>";
		};
/* End PBXVariantGroup section */

/* Begin XCBuildConfiguration section */
		BF56DEBE205862B3007E2483 /* Debug */ = {
			isa = XCBuildConfiguration;
			buildSettings = {
				ALWAYS_SEARCH_USER_PATHS = NO;
				CLANG_ANALYZER_NONNULL = YES;
				CLANG_ANALYZER_NUMBER_OBJECT_CONVERSION = YES_AGGRESSIVE;
				CLANG_CXX_LANGUAGE_STANDARD = "gnu++14";
				CLANG_CXX_LIBRARY = "libc++";
				CLANG_ENABLE_MODULES = YES;
				CLANG_ENABLE_OBJC_ARC = YES;
				CLANG_WARN_BLOCK_CAPTURE_AUTORELEASING = YES;
				CLANG_WARN_BOOL_CONVERSION = YES;
				CLANG_WARN_COMMA = YES;
				CLANG_WARN_CONSTANT_CONVERSION = YES;
				CLANG_WARN_DEPRECATED_OBJC_IMPLEMENTATIONS = YES;
				CLANG_WARN_DIRECT_OBJC_ISA_USAGE = YES_ERROR;
				CLANG_WARN_DOCUMENTATION_COMMENTS = YES;
				CLANG_WARN_EMPTY_BODY = YES;
				CLANG_WARN_ENUM_CONVERSION = YES;
				CLANG_WARN_INFINITE_RECURSION = YES;
				CLANG_WARN_INT_CONVERSION = YES;
				CLANG_WARN_NON_LITERAL_NULL_CONVERSION = YES;
				CLANG_WARN_OBJC_IMPLICIT_RETAIN_SELF = YES;
				CLANG_WARN_OBJC_LITERAL_CONVERSION = YES;
				CLANG_WARN_OBJC_ROOT_CLASS = YES_ERROR;
				CLANG_WARN_RANGE_LOOP_ANALYSIS = YES;
				CLANG_WARN_STRICT_PROTOTYPES = YES;
				CLANG_WARN_SUSPICIOUS_MOVE = YES;
				CLANG_WARN_UNGUARDED_AVAILABILITY = YES_AGGRESSIVE;
				CLANG_WARN_UNREACHABLE_CODE = YES;
				CLANG_WARN__DUPLICATE_METHOD_MATCH = YES;
				CODE_SIGN_IDENTITY = "iPhone Developer";
				COPY_PHASE_STRIP = NO;
				DEBUG_INFORMATION_FORMAT = dwarf;
				ENABLE_STRICT_OBJC_MSGSEND = YES;
				ENABLE_TESTABILITY = YES;
				GCC_C_LANGUAGE_STANDARD = gnu11;
				GCC_DYNAMIC_NO_PIC = NO;
				GCC_NO_COMMON_BLOCKS = YES;
				GCC_OPTIMIZATION_LEVEL = 0;
				GCC_PREPROCESSOR_DEFINITIONS = (
					"DEBUG=1",
					"$(inherited)",
				);
				GCC_WARN_64_TO_32_BIT_CONVERSION = YES;
				GCC_WARN_ABOUT_RETURN_TYPE = YES_ERROR;
				GCC_WARN_UNDECLARED_SELECTOR = YES;
				GCC_WARN_UNINITIALIZED_AUTOS = YES_AGGRESSIVE;
				GCC_WARN_UNUSED_FUNCTION = YES;
				GCC_WARN_UNUSED_VARIABLE = YES;
				IPHONEOS_DEPLOYMENT_TARGET = 11.2;
				MTL_ENABLE_DEBUG_INFO = YES;
				ONLY_ACTIVE_ARCH = YES;
				SDKROOT = iphoneos;
				SWIFT_ACTIVE_COMPILATION_CONDITIONS = DEBUG;
				SWIFT_OPTIMIZATION_LEVEL = "-Onone";
			};
			name = Debug;
		};
		BF56DEBF205862B3007E2483 /* Release */ = {
			isa = XCBuildConfiguration;
			buildSettings = {
				ALWAYS_SEARCH_USER_PATHS = NO;
				CLANG_ANALYZER_NONNULL = YES;
				CLANG_ANALYZER_NUMBER_OBJECT_CONVERSION = YES_AGGRESSIVE;
				CLANG_CXX_LANGUAGE_STANDARD = "gnu++14";
				CLANG_CXX_LIBRARY = "libc++";
				CLANG_ENABLE_MODULES = YES;
				CLANG_ENABLE_OBJC_ARC = YES;
				CLANG_WARN_BLOCK_CAPTURE_AUTORELEASING = YES;
				CLANG_WARN_BOOL_CONVERSION = YES;
				CLANG_WARN_COMMA = YES;
				CLANG_WARN_CONSTANT_CONVERSION = YES;
				CLANG_WARN_DEPRECATED_OBJC_IMPLEMENTATIONS = YES;
				CLANG_WARN_DIRECT_OBJC_ISA_USAGE = YES_ERROR;
				CLANG_WARN_DOCUMENTATION_COMMENTS = YES;
				CLANG_WARN_EMPTY_BODY = YES;
				CLANG_WARN_ENUM_CONVERSION = YES;
				CLANG_WARN_INFINITE_RECURSION = YES;
				CLANG_WARN_INT_CONVERSION = YES;
				CLANG_WARN_NON_LITERAL_NULL_CONVERSION = YES;
				CLANG_WARN_OBJC_IMPLICIT_RETAIN_SELF = YES;
				CLANG_WARN_OBJC_LITERAL_CONVERSION = YES;
				CLANG_WARN_OBJC_ROOT_CLASS = YES_ERROR;
				CLANG_WARN_RANGE_LOOP_ANALYSIS = YES;
				CLANG_WARN_STRICT_PROTOTYPES = YES;
				CLANG_WARN_SUSPICIOUS_MOVE = YES;
				CLANG_WARN_UNGUARDED_AVAILABILITY = YES_AGGRESSIVE;
				CLANG_WARN_UNREACHABLE_CODE = YES;
				CLANG_WARN__DUPLICATE_METHOD_MATCH = YES;
				CODE_SIGN_IDENTITY = "iPhone Developer";
				COPY_PHASE_STRIP = NO;
				DEBUG_INFORMATION_FORMAT = "dwarf-with-dsym";
				ENABLE_NS_ASSERTIONS = NO;
				ENABLE_STRICT_OBJC_MSGSEND = YES;
				GCC_C_LANGUAGE_STANDARD = gnu11;
				GCC_NO_COMMON_BLOCKS = YES;
				GCC_WARN_64_TO_32_BIT_CONVERSION = YES;
				GCC_WARN_ABOUT_RETURN_TYPE = YES_ERROR;
				GCC_WARN_UNDECLARED_SELECTOR = YES;
				GCC_WARN_UNINITIALIZED_AUTOS = YES_AGGRESSIVE;
				GCC_WARN_UNUSED_FUNCTION = YES;
				GCC_WARN_UNUSED_VARIABLE = YES;
				IPHONEOS_DEPLOYMENT_TARGET = 11.2;
				MTL_ENABLE_DEBUG_INFO = NO;
				SDKROOT = iphoneos;
				SWIFT_OPTIMIZATION_LEVEL = "-Owholemodule";
				VALIDATE_PRODUCT = YES;
			};
			name = Release;
		};
		BF56DEC1205862B3007E2483 /* Debug */ = {
			isa = XCBuildConfiguration;
			buildSettings = {
				ALWAYS_EMBED_SWIFT_STANDARD_LIBRARIES = YES;
				ASSETCATALOG_COMPILER_APPICON_NAME = AppIcon;
				CODE_SIGN_STYLE = Automatic;
				DEVELOPMENT_TEAM = US5KT4GR2Y;
				INFOPLIST_FILE = VPL/Info.plist;
				LD_RUNPATH_SEARCH_PATHS = "$(inherited) @executable_path/Frameworks";
				PRODUCT_BUNDLE_IDENTIFIER = com.NathanFlurry.VPL;
				PRODUCT_NAME = "$(TARGET_NAME)";
				SWIFT_VERSION = 4.2;
				TARGETED_DEVICE_FAMILY = "1,2";
			};
			name = Debug;
		};
		BF56DEC2205862B3007E2483 /* Release */ = {
			isa = XCBuildConfiguration;
			buildSettings = {
				ALWAYS_EMBED_SWIFT_STANDARD_LIBRARIES = YES;
				ASSETCATALOG_COMPILER_APPICON_NAME = AppIcon;
				CODE_SIGN_STYLE = Automatic;
				DEVELOPMENT_TEAM = US5KT4GR2Y;
				INFOPLIST_FILE = VPL/Info.plist;
				LD_RUNPATH_SEARCH_PATHS = "$(inherited) @executable_path/Frameworks";
				PRODUCT_BUNDLE_IDENTIFIER = com.NathanFlurry.VPL;
				PRODUCT_NAME = "$(TARGET_NAME)";
				SWIFT_VERSION = 4.2;
				TARGETED_DEVICE_FAMILY = "1,2";
			};
			name = Release;
		};
		BF899E342070B47B008EC5EA /* Debug */ = {
			isa = XCBuildConfiguration;
			buildSettings = {
				CLANG_ENABLE_OBJC_WEAK = YES;
				CODE_SIGN_IDENTITY = "";
				CODE_SIGN_STYLE = Automatic;
				CURRENT_PROJECT_VERSION = 1;
				DEFINES_MODULE = YES;
				DEVELOPMENT_TEAM = US5KT4GR2Y;
				DYLIB_COMPATIBILITY_VERSION = 1;
				DYLIB_CURRENT_VERSION = 1;
				DYLIB_INSTALL_NAME_BASE = "@rpath";
				INFOPLIST_FILE = VPLEditor/Info.plist;
				INSTALL_PATH = "$(LOCAL_LIBRARY_DIR)/Frameworks";
				IPHONEOS_DEPLOYMENT_TARGET = 11.3;
				LD_RUNPATH_SEARCH_PATHS = "$(inherited) @executable_path/Frameworks @loader_path/Frameworks";
				PRODUCT_BUNDLE_IDENTIFIER = com.NathanFlurry.VPLEditor;
				PRODUCT_NAME = "$(TARGET_NAME:c99extidentifier)";
				SKIP_INSTALL = YES;
				SWIFT_VERSION = 4.2;
				TARGETED_DEVICE_FAMILY = "1,2";
				VERSIONING_SYSTEM = "apple-generic";
				VERSION_INFO_PREFIX = "";
			};
			name = Debug;
		};
		BF899E352070B47B008EC5EA /* Release */ = {
			isa = XCBuildConfiguration;
			buildSettings = {
				CLANG_ENABLE_OBJC_WEAK = YES;
				CODE_SIGN_IDENTITY = "";
				CODE_SIGN_STYLE = Automatic;
				CURRENT_PROJECT_VERSION = 1;
				DEFINES_MODULE = YES;
				DEVELOPMENT_TEAM = US5KT4GR2Y;
				DYLIB_COMPATIBILITY_VERSION = 1;
				DYLIB_CURRENT_VERSION = 1;
				DYLIB_INSTALL_NAME_BASE = "@rpath";
				INFOPLIST_FILE = VPLEditor/Info.plist;
				INSTALL_PATH = "$(LOCAL_LIBRARY_DIR)/Frameworks";
				IPHONEOS_DEPLOYMENT_TARGET = 11.3;
				LD_RUNPATH_SEARCH_PATHS = "$(inherited) @executable_path/Frameworks @loader_path/Frameworks";
				PRODUCT_BUNDLE_IDENTIFIER = com.NathanFlurry.VPLEditor;
				PRODUCT_NAME = "$(TARGET_NAME:c99extidentifier)";
				SKIP_INSTALL = YES;
				SWIFT_VERSION = 4.2;
				TARGETED_DEVICE_FAMILY = "1,2";
				VERSIONING_SYSTEM = "apple-generic";
				VERSION_INFO_PREFIX = "";
			};
			name = Release;
		};
/* End XCBuildConfiguration section */

/* Begin XCConfigurationList section */
		BF56DEA9205862B2007E2483 /* Build configuration list for PBXProject "VPL" */ = {
			isa = XCConfigurationList;
			buildConfigurations = (
				BF56DEBE205862B3007E2483 /* Debug */,
				BF56DEBF205862B3007E2483 /* Release */,
			);
			defaultConfigurationIsVisible = 0;
			defaultConfigurationName = Release;
		};
		BF56DEC0205862B3007E2483 /* Build configuration list for PBXNativeTarget "VPL" */ = {
			isa = XCConfigurationList;
			buildConfigurations = (
				BF56DEC1205862B3007E2483 /* Debug */,
				BF56DEC2205862B3007E2483 /* Release */,
			);
			defaultConfigurationIsVisible = 0;
			defaultConfigurationName = Release;
		};
		BF899E332070B47B008EC5EA /* Build configuration list for PBXNativeTarget "VPLEditor" */ = {
			isa = XCConfigurationList;
			buildConfigurations = (
				BF899E342070B47B008EC5EA /* Debug */,
				BF899E352070B47B008EC5EA /* Release */,
			);
			defaultConfigurationIsVisible = 0;
			defaultConfigurationName = Release;
		};
/* End XCConfigurationList section */
	};
	rootObject = BF56DEA6205862B2007E2483 /* Project object */;
}
